
Microsoft Visual Studio Solution File, Format Version 12.00
# Visual Studio Version 17
VisualStudioVersion = 17.5.33627.172
MinimumVisualStudioVersion = 10.0.40219.1
Project("{9A19103F-16F7-4668-BE54-9A1E7A4F7556}") = "ProfileManager.API", "ProfileManager\ProfileManager.API.csproj", "{79123162-9A7F-488E-8265-A116234F4678}"
EndProject
Project("{9A19103F-16F7-4668-BE54-9A1E7A4F7556}") = "ProfileManager.Domain", "ProfileManager.Domain\ProfileManager.Domain.csproj", "{3BF2A661-E566-4D1A-B891-6F9588B19905}"
EndProject
Project("{9A19103F-16F7-4668-BE54-9A1E7A4F7556}") = "ProfileManager.Infrastructure", "ProfileManager.Infrastructure\ProfileManager.Infrastructure.csproj", "{805940E5-6778-4E96-BEE9-07E6F4B51230}"
EndProject
Global
	GlobalSection(SolutionConfigurationPlatforms) = preSolution
		Debug|Any CPU = Debug|Any CPU
		Release|Any CPU = Release|Any CPU
	EndGlobalSection
	GlobalSection(ProjectConfigurationPlatforms) = postSolution
		{79123162-9A7F-488E-8265-A116234F4678}.Debug|Any CPU.ActiveCfg = Debug|Any CPU
		{79123162-9A7F-488E-8265-A116234F4678}.Debug|Any CPU.Build.0 = Debug|Any CPU
		{79123162-9A7F-488E-8265-A116234F4678}.Release|Any CPU.ActiveCfg = Release|Any CPU
		{79123162-9A7F-488E-8265-A116234F4678}.Release|Any CPU.Build.0 = Release|Any CPU
		{3BF2A661-E566-4D1A-B891-6F9588B19905}.Debug|Any CPU.ActiveCfg = Debug|Any CPU
		{3BF2A661-E566-4D1A-B891-6F9588B19905}.Debug|Any CPU.Build.0 = Debug|Any CPU
		{3BF2A661-E566-4D1A-B891-6F9588B19905}.Release|Any CPU.ActiveCfg = Release|Any CPU
		{3BF2A661-E566-4D1A-B891-6F9588B19905}.Release|Any CPU.Build.0 = Release|Any CPU
		{805940E5-6778-4E96-BEE9-07E6F4B51230}.Debug|Any CPU.ActiveCfg = Debug|Any CPU
		{805940E5-6778-4E96-BEE9-07E6F4B51230}.Debug|Any CPU.Build.0 = Debug|Any CPU
		{805940E5-6778-4E96-BEE9-07E6F4B51230}.Release|Any CPU.ActiveCfg = Release|Any CPU
		{805940E5-6778-4E96-BEE9-07E6F4B51230}.Release|Any CPU.Build.0 = Release|Any CPU
	EndGlobalSection
	GlobalSection(SolutionProperties) = preSolution
		HideSolutionNode = FALSE
	EndGlobalSection
	GlobalSection(ExtensibilityGlobals) = postSolution
		SolutionGuid = {0877073F-2A4B-4DC4-A9FA-FF1D27CE876B}
	EndGlobalSection
EndGlobal
